
Microsoft Visual Studio Solution File, Format Version 12.00
# Visual Studio 15
VisualStudioVersion = 15.0.28307.168
MinimumVisualStudioVersion = 10.0.40219.1
Project("{FAE04EC0-301F-11D3-BF4B-00C04F79EFBC}") = "Harvey.DeviceHub", "Harvey.DeviceHub\Harvey.DeviceHub.csproj", "{2675A180-1AEE-490F-AA4C-E9E7B16E823E}"
EndProject
Global
	GlobalSection(SolutionConfigurationPlatforms) = preSolution
		Debug|Any CPU = Debug|Any CPU
		Release|Any CPU = Release|Any CPU
	EndGlobalSection
	GlobalSection(ProjectConfigurationPlatforms) = postSolution
		{2675A180-1AEE-490F-AA4C-E9E7B16E823E}.Debug|Any CPU.ActiveCfg = Debug|Any CPU
		{2675A180-1AEE-490F-AA4C-E9E7B16E823E}.Debug|Any CPU.Build.0 = Debug|Any CPU
		{2675A180-1AEE-490F-AA4C-E9E7B16E823E}.Release|Any CPU.ActiveCfg = Release|Any CPU
		{2675A180-1AEE-490F-AA4C-E9E7B16E823E}.Release|Any CPU.Build.0 = Release|Any CPU
	EndGlobalSection
	GlobalSection(SolutionProperties) = preSolution
		HideSolutionNode = FALSE
	EndGlobalSection
	GlobalSection(ExtensibilityGlobals) = postSolution
		SolutionGuid = {ED005A22-82A2-4FD2-8CDD-747E9138F18E}
	EndGlobalSection
EndGlobal
